# THIS IS AN AUTOGENERATED FILE. DO NOT EDIT THIS FILE DIRECTLY.
# yarn lockfile v1


"@adraffy/ens-normalize@1.10.0":
  version "1.10.0"
  resolved "https://registry.yarnpkg.com/@adraffy/ens-normalize/-/ens-normalize-1.10.0.tgz#d2a39395c587e092d77cbbc80acf956a54f38bf7"
  integrity sha512-nA9XHtlAkYfJxY7bce8DcN7eKxWWCWkU+1GR9d+U6MbNpfwQp8TI7vqOsBsMcHoT4mBu2kypKoSKnghEzOOq5Q==

"@adraffy/ens-normalize@1.10.1":
  version "1.10.1"
  resolved "https://registry.yarnpkg.com/@adraffy/ens-normalize/-/ens-normalize-1.10.1.tgz#63430d04bd8c5e74f8d7d049338f1cd9d4f02069"
  integrity sha512-96Z2IP3mYmF1Xg2cDm8f1gWGf/HUVedQ3FMifV4kG/PQ4yEP51xDtRAEfhVNt5f/uzpNkZHwWQuUcu6D6K+Ekw==

"@esbuild/aix-ppc64@0.28.1":
  version "0.28.1"
  resolved "https://registry.yarnpkg.com/@esbuild/aix-ppc64/-/aix-ppc64-0.28.1.tgz#7a01a8d2ec2fbb2dac78adad09b0fa781e4082be"
  integrity sha512-Svl7tq8k/08+p6CXPpRjQ1fKX+1odH/BQbb48fV6fj3CWHhsoIOoY87w1oHXm0qEpkIK3ZfVgp0hed3XBXzXMQ==

"@esbuild/android-arm64@0.28.1":
  version "0.28.1"
  resolved "https://registry.yarnpkg.com/@esbuild/android-arm64/-/android-arm64-0.28.1.tgz#b540a27d14e4afd058496a4dbec4d3f414db110a"
  integrity sha512-34EGEbCIAgosYz6goLcopX6Mo7NyGv9tfwEM2/7Ce2VcVRk568iSvniGWcUXIy7wEDR1wzolcxcriFVrWYcwBg==

"@esbuild/android-arm@0.28.1":
  version "0.28.1"
  resolved "https://registry.yarnpkg.com/@esbuild/android-arm/-/android-arm-0.28.1.tgz#704bd297de6d762de54eabbeafbf55f6756abe2f"
  integrity sha512-0k2F129Xdio1TdJfzJ8sy1Q47vUD2NnwdhiAf7drUN1EBTfPf4hsFCtmMgu/6m8JSzsBrlmVjudMBQqOfG8usQ==

"@esbuild/android-x64@0.28.1":
  version "0.28.1"
  resolved "https://registry.yarnpkg.com/@esbuild/android-x64/-/android-x64-0.28.1.tgz#d1cb166d34b0fbf0fe8ab460a5594f24a378701e"
  integrity sha512-dbwY7ltSMDWsRatcRpCnES4F+im88OCUgGZjy52shC7GqHRE/cYlxNbB4Z4UpJswpcc4Qxd2oE/ufM0p61IKng==

"@esbuild/darwin-arm64@0.28.1":
  version "0.28.1"
  resolved "https://registry.yarnpkg.com/@esbuild/darwin-arm64/-/darwin-arm64-0.28.1.tgz#1034b26457fc886368fe61bbd09f653f6afa8e54"
  integrity sha512-TZbWkQY7kvTAXbXUT7uVACR5cMHsDiSz9z7ZKAX/RTq/WJEk3QyRr0wZpNhBDX+/0CtdqUIJlOiodQcta6tY3Q==

"@esbuild/darwin-x64@0.28.1":
  version "0.28.1"
  resolved "https://registry.yarnpkg.com/@esbuild/darwin-x64/-/darwin-x64-0.28.1.tgz#65556a432a1e4d72032d8218c1932fcca1a49772"
  integrity sha512-zfdzgK9ACBNZLI/CyHTOx81SyNbM6YXn7rxSgX97VjyiPl9W1i4Ka4fgKECEoFCKGpvBj5qArWIGgQjOwkgskQ==

"@esbuild/freebsd-arm64@0.28.1":
  version "0.28.1"
  resolved "https://registry.yarnpkg.com/@esbuild/freebsd-arm64/-/freebsd-arm64-0.28.1.tgz#2e61e0592f9030d7e3dae18ee25ebc535918aef6"
  integrity sha512-wG2EA8ENdEI0qhkSZMjfqrdY+ziCYCPMmtZjjIwOmXFjmyzEHn+UUxk5of+SYsjtfs3VpnlC7QLzSI5hY/rOAw==

"@esbuild/freebsd-x64@0.28.1":
  version "0.28.1"
  resolved "https://registry.yarnpkg.com/@esbuild/freebsd-x64/-/freebsd-x64-0.28.1.tgz#c95ec289959ef8079c4dca817a1e2c4be66b9bd3"
  integrity sha512-i7dZ9vQgnvSCzi/rYCXNgtF/U+eKZNJBzu3eTQbRgHnM7tNSizLOkRFAl3qzVc/Op/u5YkHHa4pf/3DOYHthLQ==

"@esbuild/linux-arm64@0.28.1":
  version "0.28.1"
  resolved "https://registry.yarnpkg.com/@esbuild/linux-arm64/-/linux-arm64-0.28.1.tgz#40b22175dda06182f3ee8141186c5ff304c4a717"
  integrity sha512-yHs+0uc8+nvEAfAfxrWQKK5peSNzBc4PegcMO0EJ2hT71uA7vB8Ihg2e77R2P7SG5uYjPbHlLLmve4LLLRCf0g==

"@esbuild/linux-arm@0.28.1":
  version "0.28.1"
  resolved "https://registry.yarnpkg.com/@esbuild/linux-arm/-/linux-arm-0.28.1.tgz#c09a0f67917592ac0de892a9be4d3814debd2a6c"
  integrity sha512-qVXBOHQS+d5Y722GwJzJUtOLlX7km3CraOaGormF1pDtPd2C/l1SHRPgjLunLGe51Sh5YYWKMFDyV4SxgMQYTQ==

"@esbuild/linux-ia32@0.28.1":
  version "0.28.1"
  resolved "https://registry.yarnpkg.com/@esbuild/linux-ia32/-/linux-ia32-0.28.1.tgz#a580f9c676797833891e519fc7a1337c8afd8db3"
  integrity sha512-d1z4ZuP0ajrfz/FhGT4vv278rX8KnPPJx8i5+AtK7TYbx9Le9F1hyzurZpkEyjkGa9dUGhQow4C1NmeGvqxN2w==

"@esbuild/linux-loong64@0.28.1":
  version "0.28.1"
  resolved "https://registry.yarnpkg.com/@esbuild/linux-loong64/-/linux-loong64-0.28.1.tgz#46452cf321dc7f9e91c2fa780a56bb56e79cd68b"
  integrity sha512-M5sRjUVZrkm1OAPR3dlOYzNmN+loZKGVi1VUQGrwuqLcbR6qeAz+famMhjASeH3YVKvZz+zT1jlh/keC3Rj/lg==

"@esbuild/linux-mips64el@0.28.1":
  version "0.28.1"
  resolved "https://registry.yarnpkg.com/@esbuild/linux-mips64el/-/linux-mips64el-0.28.1.tgz#4211b3184dd6608f53dcb22e39f5d34ee08852c8"
  integrity sha512-mRObBZeHh2OxcBFPWE/FjylkRgZdYuiTR3vaTozquCGOH14iP9oN4x4Ge81CoIDYQrXmIxpFumJBu5MtZpnQJQ==

"@esbuild/linux-ppc64@0.28.1":
  version "0.28.1"
  resolved "https://registry.yarnpkg.com/@esbuild/linux-ppc64/-/linux-ppc64-0.28.1.tgz#697857c2a61cb9b0b6bb6652e40c1dc5e1ca8e5d"
  integrity sha512-slScBsMAb3GFDcdrCgLwZtPYRoH2H/youv10QiZyRjmsP48fznoveWytSgCI/R0ZcUgpc0ZhIUEx6LHts8yrfQ==

"@esbuild/linux-riscv64@0.28.1":
  version "0.28.1"
  resolved "https://registry.yarnpkg.com/@esbuild/linux-riscv64/-/linux-riscv64-0.28.1.tgz#d192943eb146a40ac4c6497d0cf7be35b986bf08"
  integrity sha512-kw0owk1o0GFETUJyW0jc0G4Yzs0BHZn0JDZ8JRT088vjJYX777BAs1fDGxAC+q831qOs2DTC96mNsG2opdfyyQ==

"@esbuild/linux-s390x@0.28.1":
  version "0.28.1"
  resolved "https://registry.yarnpkg.com/@esbuild/linux-s390x/-/linux-s390x-0.28.1.tgz#acea0356da0e0ebc08f97cf7b9c2e401e1e648dc"
  integrity sha512-/lAIjX8aYFRByhh6L5rYtPEDRqa9de/4V/juOXcta5frjvzXO4/sqEtyytse0g3zZFuWu5cDN0MkLz2qRDD2Ag==

"@esbuild/linux-x64@0.28.1":
  version "0.28.1"
  resolved "https://registry.yarnpkg.com/@esbuild/linux-x64/-/linux-x64-0.28.1.tgz#6f0c3ce0cb64c534b70c4c45ecb2c16d34e35dfd"
  integrity sha512-u/anNYF2mmVOEDwLtnQ1wOr3EZ9sTNGLWrsYGYwHWzGA3Si84IOkHXlbWTD1NB+9/1lcnweYKO54uhxZydNzfA==

"@esbuild/netbsd-arm64@0.28.1":
  version "0.28.1"
  resolved "https://registry.yarnpkg.com/@esbuild/netbsd-arm64/-/netbsd-arm64-0.28.1.tgz#8bcd77077a0dce3378b574fedb26d2a253b73d36"
  integrity sha512-oks0DYbLwWMmaakTsCb+zL4E+aHRVLom9IJZOAthMQEPiQmydXHkziYEsGYRx0uNV/IjEKGAV941JzH02pflqw==

"@esbuild/netbsd-x64@0.28.1":
  version "0.28.1"
  resolved "https://registry.yarnpkg.com/@esbuild/netbsd-x64/-/netbsd-x64-0.28.1.tgz#e7fb2a01e99c830c94e6623cd9fefb4c8fb58347"
  integrity sha512-aeL6lAnN89Hz43Mlh1G8ARasbuoYvSITDEx0tHh5b7jJnHcssqgjy9Yx430GDpmCa6OyrKoS0aNRjKundRizGg==

"@esbuild/openbsd-arm64@0.28.1":
  version "0.28.1"
  resolved "https://registry.yarnpkg.com/@esbuild/openbsd-arm64/-/openbsd-arm64-0.28.1.tgz#c52909372db8b86e2c55e05a8940033b5660a3b2"
  integrity sha512-MEFJe5C3R8pwXdZ5Y21oo6m7ePiS0d9pWucn99O/wvyJZChoIQKrQDxKrGeW8F5+T0okTHesAmDeiHDTIq0V/Q==

"@esbuild/openbsd-x64@0.28.1":
  version "0.28.1"
  resolved "https://registry.yarnpkg.com/@esbuild/openbsd-x64/-/openbsd-x64-0.28.1.tgz#c427b9be5a64c262ff9a7eb70b5fbbaadf446c6c"
  integrity sha512-i/ZLIOafE0Z8cI/XANJAixoJL/uRAoS2xOA3rb0xN+KK0K177cMAsQYkzHtBrtMXAKuAc7HGgcWiZ/sRC1Nxgw==

"@esbuild/openharmony-arm64@0.28.1":
  version "0.28.1"
  resolved "https://registry.yarnpkg.com/@esbuild/openharmony-arm64/-/openharmony-arm64-0.28.1.tgz#dc9b147baca2e6c4b3c85571741ef4860a489097"
  integrity sha512-ge+Z7EXFNt2BO1oAMsVpiQ8EwndV9i1xXerAeTIK7AtPs3bKFXQM7nlRxDSIUIMeueR1CNXxqztLzdNeReKBJg==

"@esbuild/sunos-x64@0.28.1":
  version "0.28.1"
  resolved "https://registry.yarnpkg.com/@esbuild/sunos-x64/-/sunos-x64-0.28.1.tgz#ce866d12df13c15e4c99f073a3d466f6e0649b3a"
  integrity sha512-BEjgtECkL3vY+SaSQ6nzVfiALUeFxpawyp8Jmf5PtYhf1Ug40N1h/hxlhts+f1FvSvarEigdxS3BlSMI2PJLcQ==

"@esbuild/win32-arm64@0.28.1":
  version "0.28.1"
  resolved "https://registry.yarnpkg.com/@esbuild/win32-arm64/-/win32-arm64-0.28.1.tgz#7468e3692d01d629d5941e5d83817bb80f9e39b4"
  integrity sha512-lCv9eK/H6ZJWbE7bh2nw54CZ9M2nupBxJcTsdk/QQnWkdSjKGuxmmH8/GWrlT1eMmZfn4dGcCjRte397WqfQXA==

"@esbuild/win32-ia32@0.28.1":
  version "0.28.1"
  resolved "https://registry.yarnpkg.com/@esbuild/win32-ia32/-/win32-ia32-0.28.1.tgz#a5bc0063fb2bcab6d0ed63f2a1537958bc269ec6"
  integrity sha512-zvb/mB2bSCoJOpoCBgYKKpX6YM6mJBlBUVUtVj41DlZJVEB6/0CKlRYxP5wWl1C1ILiCoAU5wZZ4q1P3qeS6Eg==

"@esbuild/win32-x64@0.28.1":
  version "0.28.1"
  resolved "https://registry.yarnpkg.com/@esbuild/win32-x64/-/win32-x64-0.28.1.tgz#10064ee44f4347b90c9a02b446bbf80a91632b12"
  integrity sha512-bm4Mowrv+GXMlpWX++EcXw/iLyd1o3+bJkC2DkWXYVvgZCqD/bSj9ctZeAMC3cIxgjRVR2Dufaiu4YPxr5gW1A==

"@gnosis-guild/zodiac-core@4.1.0":
  version "4.1.0"
  resolved "https://registry.yarnpkg.com/@gnosis-guild/zodiac-core/-/zodiac-core-4.1.0.tgz#73636ded240b075d17815da531554539032e00f7"
  integrity sha512-xs0dAZTM9pUmbWQSyRCS7BdkyGIsn7BeeTsy+b6QyQjJcnuDnnrRBFyWp8sHoccmVbawGZSie1Cg+l4X2luA2g==
  dependencies:
    ethers "6.16.0"

"@noble/curves@1.2.0":
  version "1.2.0"
  resolved "https://registry.yarnpkg.com/@noble/curves/-/curves-1.2.0.tgz#92d7e12e4e49b23105a2555c6984d41733d65c35"
  integrity sha512-oYclrNgRaM9SsBUBVbb8M6DTV7ZHRTKugureoYEncY5c65HOmRzvSiTE3y5CYaPYJA/GVkrhXEoF0M3Ya9PMnw==
  dependencies:
    "@noble/hashes" "1.3.2"

"@noble/hashes@1.3.2":
  version "1.3.2"
  resolved "https://registry.yarnpkg.com/@noble/hashes/-/hashes-1.3.2.tgz#6f26dbc8fbc7205873ce3cee2f690eba0d421b39"
  integrity sha512-MVC8EAQp7MvEcm30KWENFjgR+Mkmf+D189XJTkFIlwohU5hcBbn1ZkKq7KVTi2Hme3PMGF390DaL52beVrIihQ==

"@types/node@18.15.13":
  version "18.15.13"
  resolved "https://registry.yarnpkg.com/@types/node/-/node-18.15.13.tgz#f64277c341150c979e42b00e4ac289290c9df469"
  integrity sha512-N+0kuo9KgrUQ1Sn/ifDXsvg0TTleP7rIy4zOBGECxAljqvqfqpTfzx0Q1NUedOixRMBfe2Whhb056a42cWs26Q==

"@types/node@22.7.5":
  version "22.7.5"
  resolved "https://registry.yarnpkg.com/@types/node/-/node-22.7.5.tgz#cfde981727a7ab3611a481510b473ae54442b92b"
  integrity sha512-jML7s2NAzMWc//QSJ1a3prpk78cOPchGvXJsC3C6R6PSMoooztvRVQEz89gmBTBY1SPMaqo5teB4uNHPdetShQ==
  dependencies:
    undici-types "~6.19.2"

"@types/node@^18.8.5":
  version "18.18.8"
  resolved "https://registry.yarnpkg.com/@types/node/-/node-18.18.8.tgz#2b285361f2357c8c8578ec86b5d097c7f464cfd6"
  integrity sha512-OLGBaaK5V3VRBS1bAkMVP2/W9B+H8meUfl866OrMNQqt7wDgdpWPp5o6gmIc9pB+lIQHSq4ZL8ypeH1vPxcPaQ==
  dependencies:
    undici-types "~5.26.4"

aes-js@4.0.0-beta.5:
  version "4.0.0-beta.5"
  resolved "https://registry.yarnpkg.com/aes-js/-/aes-js-4.0.0-beta.5.tgz#8d2452c52adedebc3a3e28465d858c11ca315873"
  integrity sha512-G965FqalsNyrPqgEGON7nIx1e/OVENSgiEIzyC63haUMuvNnwIgIjMs52hlTCKhkBny7A2ORNlfY9Zu+jmGk1Q==

dotenv@^16.0.3:
  version "16.3.1"
  resolved "https://registry.yarnpkg.com/dotenv/-/dotenv-16.3.1.tgz#369034de7d7e5b120972693352a3bf112172cc3e"
  integrity sha512-IPzF4w4/Rd94bA9imS68tZBaYyBWSCE47V1RGuMrB94iyTOIEwRmVL2x/4An+6mETpLrKJ5hQkB8W4kFAadeIQ==

esbuild@~0.28.0:
  version "0.28.1"
  resolved "https://registry.yarnpkg.com/esbuild/-/esbuild-0.28.1.tgz#ef45b4634c9c9d97a296aea4114a5f9840f95578"
  integrity sha512-HrJrvZv5ayxBzPfwphOoNzkzOIIlifzk0KJrGK2c8R4+LKpMtpYLQeUdjnwjWv/LZlkH2laZk+4w78pi99D4Vw==
  optionalDependencies:
    "@esbuild/aix-ppc64" "0.28.1"
    "@esbuild/android-arm" "0.28.1"
    "@esbuild/android-arm64" "0.28.1"
    "@esbuild/android-x64" "0.28.1"
    "@esbuild/darwin-arm64" "0.28.1"
    "@esbuild/darwin-x64" "0.28.1"
    "@esbuild/freebsd-arm64" "0.28.1"
    "@esbuild/freebsd-x64" "0.28.1"
    "@esbuild/linux-arm" "0.28.1"
    "@esbuild/linux-arm64" "0.28.1"
    "@esbuild/linux-ia32" "0.28.1"
    "@esbuild/linux-loong64" "0.28.1"
    "@esbuild/linux-mips64el" "0.28.1"
    "@esbuild/linux-ppc64" "0.28.1"
    "@esbuild/linux-riscv64" "0.28.1"
    "@esbuild/linux-s390x" "0.28.1"
    "@esbuild/linux-x64" "0.28.1"
    "@esbuild/netbsd-arm64" "0.28.1"
    "@esbuild/netbsd-x64" "0.28.1"
    "@esbuild/openbsd-arm64" "0.28.1"
    "@esbuild/openbsd-x64" "0.28.1"
    "@esbuild/openharmony-arm64" "0.28.1"
    "@esbuild/sunos-x64" "0.28.1"
    "@esbuild/win32-arm64" "0.28.1"
    "@esbuild/win32-ia32" "0.28.1"
    "@esbuild/win32-x64" "0.28.1"

ethers@6.16.0:
  version "6.16.0"
  resolved "https://registry.yarnpkg.com/ethers/-/ethers-6.16.0.tgz#fff9b4f05d7a359c774ad6e91085a800f7fccf65"
  integrity sha512-U1wulmetNymijEhpSEQ7Ct/P/Jw9/e7R1j5XIbPRydgV2DjLVMsULDlNksq3RQnFgKoLlZf88ijYtWEXcPa07A==
  dependencies:
    "@adraffy/ens-normalize" "1.10.1"
    "@noble/curves" "1.2.0"
    "@noble/hashes" "1.3.2"
    "@types/node" "22.7.5"
    aes-js "4.0.0-beta.5"
    tslib "2.7.0"
    ws "8.17.1"

ethers@^6.9.2:
  version "6.9.2"
  resolved "https://registry.yarnpkg.com/ethers/-/ethers-6.9.2.tgz#6f4632f62e2350fa8354ff28624027a175ef85a4"
  integrity sha512-YpkrtILnMQz5jSEsJQRTpduaGT/CXuLnUIuOYzHA0v/7c8IX91m2J48wSKjzGL5L9J/Us3tLoUdb+OwE3U+FFQ==
  dependencies:
    "@adraffy/ens-normalize" "1.10.0"
    "@noble/curves" "1.2.0"
    "@noble/hashes" "1.3.2"
    "@types/node" "18.15.13"
    aes-js "4.0.0-beta.5"
    tslib "2.4.0"
    ws "8.5.0"

fsevents@~2.3.3:
  version "2.3.3"
  resolved "https://registry.yarnpkg.com/fsevents/-/fsevents-2.3.3.tgz#cac6407785d03675a2a5e1a5305c697b347d90d6"
  integrity sha512-5xoDfX+fL7faATnagmWPpbFtwh/R77WmMMqqHGS65C3vvB0YHrgF+B1YmZ3441tMj5n63k0212XNoJwzlhffQw==

prettier@^3.0.3:
  version "3.0.3"
  resolved "https://registry.yarnpkg.com/prettier/-/prettier-3.0.3.tgz#432a51f7ba422d1469096c0fdc28e235db8f9643"
  integrity sha512-L/4pUDMxcNa8R/EthV08Zt42WBO4h1rarVtK0K+QJG0X187OLo7l699jWw0GKuwzkPQ//jMFA/8Xm6Fh3J/DAg==

tslib@2.4.0:
  version "2.4.0"
  resolved "https://registry.yarnpkg.com/tslib/-/tslib-2.4.0.tgz#7cecaa7f073ce680a05847aa77be941098f36dc3"
  integrity sha512-d6xOpEDfsi2CZVlPQzGeux8XMwLT9hssAsaPYExaQMuYskwb+x1x7J371tWlbBdWHroy99KnVB6qIkUbs5X3UQ==

tslib@2.7.0:
  version "2.7.0"
  resolved "https://registry.yarnpkg.com/tslib/-/tslib-2.7.0.tgz#d9b40c5c40ab59e8738f297df3087bf1a2690c01"
  integrity sha512-gLXCKdN1/j47AiHiOkJN69hJmcbGTHI0ImLmbYLHykhgeN0jVGola9yVjFgzCUklsZQMW55o+dW7IXv3RCXDzA==

tsx@^4.19.0:
  version "4.22.4"
  resolved "https://registry.yarnpkg.com/tsx/-/tsx-4.22.4.tgz#0ab3b7fb4ec7feeee74e5b1f26337caa71e44700"
  integrity sha512-X8EX+XV4QR5xCsrgxaED954zTDfY8KqlDtskKEL0cHhyS/P8b4IFOvGDQpsC9Q1XnLq915wEfwwY/zzskCtmhg==
  dependencies:
    esbuild "~0.28.0"
  optionalDependencies:
    fsevents "~2.3.3"

typescript@^5.2.2:
  version "5.2.2"
  resolved "https://registry.yarnpkg.com/typescript/-/typescript-5.2.2.tgz#5ebb5e5a5b75f085f22bc3f8460fba308310fa78"
  integrity sha512-mI4WrpHsbCIcwT9cF4FZvr80QUeKvsUsUvKDoR+X/7XHQH98xYD8YHZg7ANtz2GtZt/CBq2QJ0thkGJMHfqc1w==

undici-types@~5.26.4:
  version "5.26.5"
  resolved "https://registry.yarnpkg.com/undici-types/-/undici-types-5.26.5.tgz#bcd539893d00b56e964fd2657a4866b221a65617"
  integrity sha512-JlCMO+ehdEIKqlFxk6IfVoAUVmgz7cU7zD/h9XZ0qzeosSHmUJVOzSQvvYSYWXkFXC+IfLKSIffhv0sVZup6pA==

undici-types@~6.19.2:
  version "6.19.8"
  resolved "https://registry.yarnpkg.com/undici-types/-/undici-types-6.19.8.tgz#35111c9d1437ab83a7cdc0abae2f26d88eda0a02"
  integrity sha512-ve2KP6f/JnbPBFyobGHuerC9g1FYGn/F8n1LWTwNxCEzd6IfqTwUQcNXgEtmmQ6DlRrC1hrSrBnCZPokRrDHjw==

ws@8.17.1:
  version "8.17.1"
  resolved "https://registry.yarnpkg.com/ws/-/ws-8.17.1.tgz#9293da530bb548febc95371d90f9c878727d919b"
  integrity sha512-6XQFvXTkbfUOZOKKILFG1PDK2NDQs4azKQl26T0YS5CxqWLgXajbPZ+h4gZekJyRqFU8pvnbAbbs/3TgRPy+GQ==

ws@8.5.0:
  version "8.5.0"
  resolved "https://registry.yarnpkg.com/ws/-/ws-8.5.0.tgz#bfb4be96600757fe5382de12c670dab984a1ed4f"
  integrity sha512-BWX0SWVgLPzYwF8lTzEy1egjhS4S4OEAHfsO8o65WOVsrnSRGaSiUaa9e0ggGlkMTtBlmOpEXiie9RUcBO86qg==
